<?xml version="1.0" encoding="utf-8"?>
<Project ToolsVersion="4.0" xmlns="http://schemas.microsoft.com/developer/msbuild/2003">
  <ItemGroup>
    <Filter Include="Source Files">
      <UniqueIdentifier>{4FC737F1-C7A5-4376-A066-2A32D752A2FF}</UniqueIdentifier>
      <Extensions>cpp;c;cc;cxx;def;odl;idl;hpj;bat;asm;asmx</Extensions>
    </Filter>
    <Filter Include="Header Files">
      <UniqueIdentifier>{93995380-89BD-4b04-88EB-625FBE52EBFB}</UniqueIdentifier>
      <Extensions>h;hh;hpp;hxx;hm;inl;inc;xsd</Extensions>
    </Filter>
    <Filter Include="Resource Files">
      <UniqueIdentifier>{67DA6AB6-F800-4c08-8B7A-83BB121AAD01}</UniqueIdentifier>
      <Extensions>rc;ico;cur;bmp;dlg;rc2;rct;bin;rgs;gif;jpg;jpeg;jpe;resx;tiff;tif;png;wav;mfcribbon-ms</Extensions>
    </Filter>
    <Filter Include="Header Files\data_structures">
      <UniqueIdentifier>{4fa85e06-f0bd-4979-9050-c66ace6f129b}</UniqueIdentifier>
    </Filter>
    <Filter Include="Source Files\data_structures">
      <UniqueIdentifier>{5ffd4bad-0d7b-430b-9263-d179ca11e01f}</UniqueIdentifier>
    </Filter>
    <Filter Include="Header Files\external_libraries">
      <UniqueIdentifier>{10e36a06-220f-41d9-8f56-a4e47a42608b}</UniqueIdentifier>
    </Filter>
  </ItemGroup>
  <ItemGroup>
    <ClCompile Include="main.cpp">
      <Filter>Source Files</Filter>
    </ClCompile>
    <ClCompile Include="structures\graph\bi_star_graph.cpp">
      <Filter>Source Files\data_structures</Filter>
    </ClCompile>
    <ClCompile Include="structures\graph\algorithms\dijkstra.cpp">
      <Filter>Source Files\data_structures</Filter>
    </ClCompile>
    <ClCompile Include="structures\ds_routines.cpp">
      <Filter>Source Files\data_structures</Filter>
    </ClCompile>
    <ClCompile Include="structures\graph\forward_star_graph.cpp">
      <Filter>Source Files\data_structures</Filter>
    </ClCompile>
    <ClCompile Include="structures\graph\graph.cpp">
      <Filter>Source Files\data_structures</Filter>
    </ClCompile>
    <ClCompile Include="structures\graph\graph_with_registration.cpp">
      <Filter>Source Files\data_structures</Filter>
    </ClCompile>
    <ClCompile Include="structures\memory_routines.cpp">
      <Filter>Source Files\data_structures</Filter>
    </ClCompile>
    <ClCompile Include="structures\table\sorting\sort.cpp">
      <Filter>Source Files\data_structures</Filter>
    </ClCompile>
    <ClCompile Include="structures\structure.cpp">
      <Filter>Source Files\data_structures</Filter>
    </ClCompile>
    <ClCompile Include="structures\vector\vector.cpp">
      <Filter>Source Files\data_structures</Filter>
    </ClCompile>
    <ClCompile Include="CSVparser.cpp">
      <Filter>Header Files</Filter>
    </ClCompile>
    <ClCompile Include="Kandidat.cpp">
      <Filter>Source Files</Filter>
    </ClCompile>
    <ClCompile Include="Kolo.cpp">
      <Filter>Source Files</Filter>
    </ClCompile>
    <ClCompile Include="UzemnaJednotka.cpp">
      <Filter>Source Files</Filter>
    </ClCompile>
    <ClCompile Include="Okres.cpp">
      <Filter>Source Files</Filter>
    </ClCompile>
    <ClCompile Include="Obec.cpp">
      <Filter>Source Files</Filter>
    </ClCompile>
    <ClCompile Include="Vstup.cpp">
      <Filter>Source Files</Filter>
    </ClCompile>
    <ClCompile Include="VolebneUdaje.cpp">
      <Filter>Source Files</Filter>
    </ClCompile>
    <ClCompile Include="VolebnyAnalyzator.cpp">
      <Filter>Source Files</Filter>
    </ClCompile>
  </ItemGroup>
  <ItemGroup>
    <ClInclude Include="structures\array\array.h">
      <Filter>Header Files\data_structures</Filter>
    </ClInclude>
    <ClInclude Include="structures\list\array_list.h">
      <Filter>Header Files\data_structures</Filter>
    </ClInclude>
    <ClInclude Include="structures\graph\bi_star_graph.h">
      <Filter>Header Files\data_structures</Filter>
    </ClInclude>
    <ClInclude Include="structures\table\binary_search_tree.h">
      <Filter>Header Files\data_structures</Filter>
    </ClInclude>
    <ClInclude Include="structures\tree\binary_tree.h">
      <Filter>Header Files\data_structures</Filter>
    </ClInclude>
    <ClInclude Include="structures\table\sorting\bubble_sort.h">
      <Filter>Header Files\data_structures</Filter>
    </ClInclude>
    <ClInclude Include="structures\graph\algorithms\dijkstra.h">
      <Filter>Header Files\data_structures</Filter>
    </ClInclude>
    <ClInclude Include="structures\ds_routines.h">
      <Filter>Header Files\data_structures</Filter>
    </ClInclude>
    <ClInclude Include="structures\ds_structure_factory.h">
      <Filter>Header Files\data_structures</Filter>
    </ClInclude>
    <ClInclude Include="structures\ds_structure_types.h">
      <Filter>Header Files\data_structures</Filter>
    </ClInclude>
    <ClInclude Include="structures\queue\explicit_queue.h">
      <Filter>Header Files\data_structures</Filter>
    </ClInclude>
    <ClInclude Include="structures\stack\explicit_stack.h">
      <Filter>Header Files\data_structures</Filter>
    </ClInclude>
    <ClInclude Include="structures\graph\forward_star_graph.h">
      <Filter>Header Files\data_structures</Filter>
    </ClInclude>
    <ClInclude Include="structures\graph\graph.h">
      <Filter>Header Files\data_structures</Filter>
    </ClInclude>
    <ClInclude Include="structures\graph\graph_with_registration.h">
      <Filter>Header Files\data_structures</Filter>
    </ClInclude>
    <ClInclude Include="structures\table\hash_table.h">
      <Filter>Header Files\data_structures</Filter>
    </ClInclude>
    <ClInclude Include="structures\priority_queue\heap.h">
      <Filter>Header Files\data_structures</Filter>
    </ClInclude>
    <ClInclude Include="structures\heap_monitor.h">
      <Filter>Header Files\data_structures</Filter>
    </ClInclude>
    <ClInclude Include="structures\table\sorting\heap_sort.h">
      <Filter>Header Files\data_structures</Filter>
    </ClInclude>
    <ClInclude Include="structures\queue\implicit_queue.h">
      <Filter>Header Files\data_structures</Filter>
    </ClInclude>
    <ClInclude Include="structures\stack\implicit_stack.h">
      <Filter>Header Files\data_structures</Filter>
    </ClInclude>
    <ClInclude Include="structures\table\sorting\insert_sort.h">
      <Filter>Header Files\data_structures</Filter>
    </ClInclude>
    <ClInclude Include="structures\tree\k_way_tree.h">
      <Filter>Header Files\data_structures</Filter>
    </ClInclude>
    <ClInclude Include="structures\list\linked_list.h">
      <Filter>Header Files\data_structures</Filter>
    </ClInclude>
    <ClInclude Include="structures\table\linked_table.h">
      <Filter>Header Files\data_structures</Filter>
    </ClInclude>
    <ClInclude Include="structures\list\list.h">
      <Filter>Header Files\data_structures</Filter>
    </ClInclude>
    <ClInclude Include="structures\memory_routines.h">
      <Filter>Header Files\data_structures</Filter>
    </ClInclude>
    <ClInclude Include="structures\table\sorting\merge_sort.h">
      <Filter>Header Files\data_structures</Filter>
    </ClInclude>
    <ClInclude Include="structures\tree\multi_way_tree.h">
      <Filter>Header Files\data_structures</Filter>
    </ClInclude>
    <ClInclude Include="structures\priority_queue\priority_queue.h">
      <Filter>Header Files\data_structures</Filter>
    </ClInclude>
    <ClInclude Include="structures\priority_queue\priority_queue_limited_sorted_array_list.h">
      <Filter>Header Files\data_structures</Filter>
    </ClInclude>
    <ClInclude Include="structures\priority_queue\priority_queue_linked_list.h">
      <Filter>Header Files\data_structures</Filter>
    </ClInclude>
    <ClInclude Include="structures\priority_queue\priority_queue_list.h">
      <Filter>Header Files\data_structures</Filter>
    </ClInclude>
    <ClInclude Include="structures\priority_queue\priority_queue_sorted_array_list.h">
      <Filter>Header Files\data_structures</Filter>
    </ClInclude>
    <ClInclude Include="structures\priority_queue\priority_queue_two_lists.h">
      <Filter>Header Files\data_structures</Filter>
    </ClInclude>
    <ClInclude Include="structures\priority_queue\priority_queue_unsorted_array_list.h">
      <Filter>Header Files\data_structures</Filter>
    </ClInclude>
    <ClInclude Include="structures\queue\queue.h">
      <Filter>Header Files\data_structures</Filter>
    </ClInclude>
    <ClInclude Include="structures\table\sorting\quick_sort.h">
      <Filter>Header Files\data_structures</Filter>
    </ClInclude>
    <ClInclude Include="structures\table\sorting\radix_sort.h">
      <Filter>Header Files\data_structures</Filter>
    </ClInclude>
    <ClInclude Include="structures\table\sorting\select_sort.h">
      <Filter>Header Files\data_structures</Filter>
    </ClInclude>
    <ClInclude Include="structures\table\sequence_table.h">
      <Filter>Header Files\data_structures</Filter>
    </ClInclude>
    <ClInclude Include="structures\table\sorting\shell_sort.h">
      <Filter>Header Files\data_structures</Filter>
    </ClInclude>
    <ClInclude Include="structures\table\sorting\shuffle.h">
      <Filter>Header Files\data_structures</Filter>
    </ClInclude>
    <ClInclude Include="structures\table\sorting\sort.h">
      <Filter>Header Files\data_structures</Filter>
    </ClInclude>
    <ClInclude Include="structures\table\sorted_sequence_table.h">
      <Filter>Header Files\data_structures</Filter>
    </ClInclude>
    <ClInclude Include="structures\stack\stack.h">
      <Filter>Header Files\data_structures</Filter>
    </ClInclude>
    <ClInclude Include="structures\structure.h">
      <Filter>Header Files\data_structures</Filter>
    </ClInclude>
    <ClInclude Include="structures\structure_iterator.h">
      <Filter>Header Files\data_structures</Filter>
    </ClInclude>
    <ClInclude Include="structures\table\table.h">
      <Filter>Header Files\data_structures</Filter>
    </ClInclude>
    <ClInclude Include="structures\table\treap.h">
      <Filter>Header Files\data_structures</Filter>
    </ClInclude>
    <ClInclude Include="structures\tree\tree.h">
      <Filter>Header Files\data_structures</Filter>
    </ClInclude>
    <ClInclude Include="structures\table\unsorted_sequence_table.h">
      <Filter>Header Files\data_structures</Filter>
    </ClInclude>
    <ClInclude Include="structures\vector\vector.h">
      <Filter>Header Files\data_structures</Filter>
    </ClInclude>
    <ClInclude Include="csv.h">
      <Filter>Header Files\external_libraries</Filter>
    </ClInclude>
    <ClInclude Include="CSVparser.hpp">
      <Filter>Header Files</Filter>
    </ClInclude>
    <ClInclude Include="VolebnyAnalyzator.h">
      <Filter>Header Files</Filter>
    </ClInclude>
    <ClInclude Include="Kandidat.h">
      <Filter>Header Files</Filter>
    </ClInclude>
    <ClInclude Include="Kolo.h">
      <Filter>Header Files</Filter>
    </ClInclude>
    <ClInclude Include="UzemnaJednotka.h">
      <Filter>Header Files</Filter>
    </ClInclude>
    <ClInclude Include="VyssiCelok.h">
      <Filter>Header Files</Filter>
    </ClInclude>
    <ClInclude Include="Kraj.h">
      <Filter>Header Files</Filter>
    </ClInclude>
    <ClInclude Include="Okres.h">
      <Filter>Header Files</Filter>
    </ClInclude>
    <ClInclude Include="Obec.h">
      <Filter>Header Files</Filter>
    </ClInclude>
    <ClInclude Include="Kriteria.h">
      <Filter>Header Files</Filter>
    </ClInclude>
    <ClInclude Include="VolebneUdaje.h">
      <Filter>Header Files</Filter>
    </ClInclude>
    <ClInclude Include="Vstup.h">
      <Filter>Header Files</Filter>
    </ClInclude>
    <ClInclude Include="Filtre.h">
      <Filter>Header Files</Filter>
    </ClInclude>
    <ClInclude Include="VyberoveKriteria.h">
      <Filter>Header Files</Filter>
    </ClInclude>
  </ItemGroup>
  <ItemGroup>
    <Natvis Include="aus.natvis" />
  </ItemGroup>
</Project>